
Microsoft Visual Studio Solution File, Format Version 12.00
# Visual Studio Version 17
VisualStudioVersion = 17.1.32328.378
MinimumVisualStudioVersion = 10.0.40219.1
Project("{FAE04EC0-301F-11D3-BF4B-00C04F79EFBC}") = "Problem1", "Exam\Problem1.csproj", "{6EDEE8D5-6B82-44D2-AA4F-3DD121A92198}"
EndProject
Project("{FAE04EC0-301F-11D3-BF4B-00C04F79EFBC}") = "Problem2", "Problem2\Problem2.csproj", "{3326AA10-E4E3-406F-9D5E-8FAC1C855B19}"
EndProject
Project("{FAE04EC0-301F-11D3-BF4B-00C04F79EFBC}") = "Problem3", "Problem3\Problem3.csproj", "{F19699E0-A5A0-4AAC-AB1E-ACA220D2B851}"
EndProject
Global
	GlobalSection(SolutionConfigurationPlatforms) = preSolution
		Debug|Any CPU = Debug|Any CPU
		Release|Any CPU = Release|Any CPU
	EndGlobalSection
	GlobalSection(ProjectConfigurationPlatforms) = postSolution
		{6EDEE8D5-6B82-44D2-AA4F-3DD121A92198}.Debug|Any CPU.ActiveCfg = Debug|Any CPU
		{6EDEE8D5-6B82-44D2-AA4F-3DD121A92198}.Debug|Any CPU.Build.0 = Debug|Any CPU
		{6EDEE8D5-6B82-44D2-AA4F-3DD121A92198}.Release|Any CPU.ActiveCfg = Release|Any CPU
		{6EDEE8D5-6B82-44D2-AA4F-3DD121A92198}.Release|Any CPU.Build.0 = Release|Any CPU
		{3326AA10-E4E3-406F-9D5E-8FAC1C855B19}.Debug|Any CPU.ActiveCfg = Debug|Any CPU
		{3326AA10-E4E3-406F-9D5E-8FAC1C855B19}.Debug|Any CPU.Build.0 = Debug|Any CPU
		{3326AA10-E4E3-406F-9D5E-8FAC1C855B19}.Release|Any CPU.ActiveCfg = Release|Any CPU
		{3326AA10-E4E3-406F-9D5E-8FAC1C855B19}.Release|Any CPU.Build.0 = Release|Any CPU
		{F19699E0-A5A0-4AAC-AB1E-ACA220D2B851}.Debug|Any CPU.ActiveCfg = Debug|Any CPU
		{F19699E0-A5A0-4AAC-AB1E-ACA220D2B851}.Debug|Any CPU.Build.0 = Debug|Any CPU
		{F19699E0-A5A0-4AAC-AB1E-ACA220D2B851}.Release|Any CPU.ActiveCfg = Release|Any CPU
		{F19699E0-A5A0-4AAC-AB1E-ACA220D2B851}.Release|Any CPU.Build.0 = Release|Any CPU
	EndGlobalSection
	GlobalSection(SolutionProperties) = preSolution
		HideSolutionNode = FALSE
	EndGlobalSection
	GlobalSection(ExtensibilityGlobals) = postSolution
		SolutionGuid = {C3401321-F162-4169-9068-FA8A6C5D1FDE}
	EndGlobalSection
EndGlobal
