
Microsoft Visual Studio Solution File, Format Version 12.00
# Visual Studio Version 17
VisualStudioVersion = 17.1.32407.343
MinimumVisualStudioVersion = 10.0.40219.1
Project("{FAE04EC0-301F-11D3-BF4B-00C04F79EFBC}") = "Forms", "Forms\Forms.csproj", "{12556061-99ED-46A8-B0F6-6BC61C1CF177}"
EndProject
Global
	GlobalSection(SolutionConfigurationPlatforms) = preSolution
		Debug|Any CPU = Debug|Any CPU
		Release|Any CPU = Release|Any CPU
	EndGlobalSection
	GlobalSection(ProjectConfigurationPlatforms) = postSolution
		{12556061-99ED-46A8-B0F6-6BC61C1CF177}.Debug|Any CPU.ActiveCfg = Debug|Any CPU
		{12556061-99ED-46A8-B0F6-6BC61C1CF177}.Debug|Any CPU.Build.0 = Debug|Any CPU
		{12556061-99ED-46A8-B0F6-6BC61C1CF177}.Release|Any CPU.ActiveCfg = Release|Any CPU
		{12556061-99ED-46A8-B0F6-6BC61C1CF177}.Release|Any CPU.Build.0 = Release|Any CPU
	EndGlobalSection
	GlobalSection(SolutionProperties) = preSolution
		HideSolutionNode = FALSE
	EndGlobalSection
	GlobalSection(ExtensibilityGlobals) = postSolution
		SolutionGuid = {AC2A634F-5260-40B5-8B2D-50388747C730}
	EndGlobalSection
EndGlobal
