
Microsoft Visual Studio Solution File, Format Version 12.00
# Visual Studio Version 16
VisualStudioVersion = 16.0.32413.511
MinimumVisualStudioVersion = 10.0.40219.1
Project("{FAE04EC0-301F-11D3-BF4B-00C04F79EFBC}") = "TestCases", "TestCase\TestCases.csproj", "{1ED9156B-FEE6-42B9-81E1-21CB3A804382}"
EndProject
Project("{FAE04EC0-301F-11D3-BF4B-00C04F79EFBC}") = "SeleniumBase", "..\..\Library\SeleniumBase\SeleniumBase.csproj", "{C890034D-6D32-46CD-B32A-497518BFD9ED}"
EndProject
Global
	GlobalSection(SolutionConfigurationPlatforms) = preSolution
		Debug|Any CPU = Debug|Any CPU
		Release|Any CPU = Release|Any CPU
	EndGlobalSection
	GlobalSection(ProjectConfigurationPlatforms) = postSolution
		{1ED9156B-FEE6-42B9-81E1-21CB3A804382}.Debug|Any CPU.ActiveCfg = Debug|Any CPU
		{1ED9156B-FEE6-42B9-81E1-21CB3A804382}.Debug|Any CPU.Build.0 = Debug|Any CPU
		{1ED9156B-FEE6-42B9-81E1-21CB3A804382}.Release|Any CPU.ActiveCfg = Release|Any CPU
		{1ED9156B-FEE6-42B9-81E1-21CB3A804382}.Release|Any CPU.Build.0 = Release|Any CPU
		{C890034D-6D32-46CD-B32A-497518BFD9ED}.Debug|Any CPU.ActiveCfg = Debug|Any CPU
		{C890034D-6D32-46CD-B32A-497518BFD9ED}.Debug|Any CPU.Build.0 = Debug|Any CPU
		{C890034D-6D32-46CD-B32A-497518BFD9ED}.Release|Any CPU.ActiveCfg = Release|Any CPU
		{C890034D-6D32-46CD-B32A-497518BFD9ED}.Release|Any CPU.Build.0 = Release|Any CPU
	EndGlobalSection
	GlobalSection(SolutionProperties) = preSolution
		HideSolutionNode = FALSE
	EndGlobalSection
	GlobalSection(ExtensibilityGlobals) = postSolution
		SolutionGuid = {A2F3BCCC-CD4B-41CF-AB30-BDD2E9C79237}
	EndGlobalSection
EndGlobal
