
Microsoft Visual Studio Solution File, Format Version 12.00
# Visual Studio Version 16
VisualStudioVersion = 16.0.32428.217
MinimumVisualStudioVersion = 10.0.40219.1
Project("{FAE04EC0-301F-11D3-BF4B-00C04F79EFBC}") = "ReportGeneration_2", "ReportGeneration_2\ReportGeneration_2.csproj", "{00985B74-7B30-4A91-8067-3858997F1DE4}"
EndProject
Project("{FAE04EC0-301F-11D3-BF4B-00C04F79EFBC}") = "SeleniumHelperLibrary", "SeleniumHelperLibrary\SeleniumHelperLibrary.csproj", "{65138802-5622-4540-97AF-6387AA57375D}"
EndProject
Project("{FAE04EC0-301F-11D3-BF4B-00C04F79EFBC}") = "ReportingLibrary", "ReportingLibrary\ReportingLibrary.csproj", "{0AE020D4-00BF-4EA8-89C7-F8AC147A5F53}"
EndProject
Global
	GlobalSection(SolutionConfigurationPlatforms) = preSolution
		Debug|Any CPU = Debug|Any CPU
		Release|Any CPU = Release|Any CPU
	EndGlobalSection
	GlobalSection(ProjectConfigurationPlatforms) = postSolution
		{00985B74-7B30-4A91-8067-3858997F1DE4}.Debug|Any CPU.ActiveCfg = Debug|Any CPU
		{00985B74-7B30-4A91-8067-3858997F1DE4}.Debug|Any CPU.Build.0 = Debug|Any CPU
		{00985B74-7B30-4A91-8067-3858997F1DE4}.Release|Any CPU.ActiveCfg = Release|Any CPU
		{00985B74-7B30-4A91-8067-3858997F1DE4}.Release|Any CPU.Build.0 = Release|Any CPU
		{65138802-5622-4540-97AF-6387AA57375D}.Debug|Any CPU.ActiveCfg = Debug|Any CPU
		{65138802-5622-4540-97AF-6387AA57375D}.Debug|Any CPU.Build.0 = Debug|Any CPU
		{65138802-5622-4540-97AF-6387AA57375D}.Release|Any CPU.ActiveCfg = Release|Any CPU
		{65138802-5622-4540-97AF-6387AA57375D}.Release|Any CPU.Build.0 = Release|Any CPU
		{0AE020D4-00BF-4EA8-89C7-F8AC147A5F53}.Debug|Any CPU.ActiveCfg = Debug|Any CPU
		{0AE020D4-00BF-4EA8-89C7-F8AC147A5F53}.Debug|Any CPU.Build.0 = Debug|Any CPU
		{0AE020D4-00BF-4EA8-89C7-F8AC147A5F53}.Release|Any CPU.ActiveCfg = Release|Any CPU
		{0AE020D4-00BF-4EA8-89C7-F8AC147A5F53}.Release|Any CPU.Build.0 = Release|Any CPU
	EndGlobalSection
	GlobalSection(SolutionProperties) = preSolution
		HideSolutionNode = FALSE
	EndGlobalSection
	GlobalSection(ExtensibilityGlobals) = postSolution
		SolutionGuid = {8635B6D5-F1C3-41B8-9A7C-B44503CC58F9}
	EndGlobalSection
EndGlobal
