
Microsoft Visual Studio Solution File, Format Version 12.00
# Visual Studio Version 17
VisualStudioVersion = 17.1.32407.343
MinimumVisualStudioVersion = 10.0.40219.1
Project("{FAE04EC0-301F-11D3-BF4B-00C04F79EFBC}") = "BasicXPath", "BasicXPath\BasicXPath.csproj", "{E4EA2165-C8CE-4AA9-BC60-20BC6BC56791}"
EndProject
Global
	GlobalSection(SolutionConfigurationPlatforms) = preSolution
		Debug|Any CPU = Debug|Any CPU
		Release|Any CPU = Release|Any CPU
	EndGlobalSection
	GlobalSection(ProjectConfigurationPlatforms) = postSolution
		{E4EA2165-C8CE-4AA9-BC60-20BC6BC56791}.Debug|Any CPU.ActiveCfg = Debug|Any CPU
		{E4EA2165-C8CE-4AA9-BC60-20BC6BC56791}.Debug|Any CPU.Build.0 = Debug|Any CPU
		{E4EA2165-C8CE-4AA9-BC60-20BC6BC56791}.Release|Any CPU.ActiveCfg = Release|Any CPU
		{E4EA2165-C8CE-4AA9-BC60-20BC6BC56791}.Release|Any CPU.Build.0 = Release|Any CPU
	EndGlobalSection
	GlobalSection(SolutionProperties) = preSolution
		HideSolutionNode = FALSE
	EndGlobalSection
	GlobalSection(ExtensibilityGlobals) = postSolution
		SolutionGuid = {D72EEAE1-01C9-4486-A39B-FB3B17BCB1FF}
	EndGlobalSection
EndGlobal
