
Microsoft Visual Studio Solution File, Format Version 12.00
# Visual Studio Version 17
VisualStudioVersion = 17.1.32407.343
MinimumVisualStudioVersion = 10.0.40219.1
Project("{FAE04EC0-301F-11D3-BF4B-00C04F79EFBC}") = "The Internet", "The Internet.csproj", "{8002CF15-0A2E-49F7-B0A5-274A842F720E}"
EndProject
Project("{FAE04EC0-301F-11D3-BF4B-00C04F79EFBC}") = "SeleniumBase", "..\..\Library\SeleniumBase\SeleniumBase.csproj", "{C890034D-6D32-46CD-B32A-497518BFD9ED}"
EndProject
Global
	GlobalSection(SolutionConfigurationPlatforms) = preSolution
		Debug|Any CPU = Debug|Any CPU
		Release|Any CPU = Release|Any CPU
	EndGlobalSection
	GlobalSection(ProjectConfigurationPlatforms) = postSolution
		{8002CF15-0A2E-49F7-B0A5-274A842F720E}.Debug|Any CPU.ActiveCfg = Debug|Any CPU
		{8002CF15-0A2E-49F7-B0A5-274A842F720E}.Debug|Any CPU.Build.0 = Debug|Any CPU
		{8002CF15-0A2E-49F7-B0A5-274A842F720E}.Release|Any CPU.ActiveCfg = Release|Any CPU
		{8002CF15-0A2E-49F7-B0A5-274A842F720E}.Release|Any CPU.Build.0 = Release|Any CPU
		{C890034D-6D32-46CD-B32A-497518BFD9ED}.Debug|Any CPU.ActiveCfg = Debug|Any CPU
		{C890034D-6D32-46CD-B32A-497518BFD9ED}.Debug|Any CPU.Build.0 = Debug|Any CPU
		{C890034D-6D32-46CD-B32A-497518BFD9ED}.Release|Any CPU.ActiveCfg = Release|Any CPU
		{C890034D-6D32-46CD-B32A-497518BFD9ED}.Release|Any CPU.Build.0 = Release|Any CPU
	EndGlobalSection
	GlobalSection(SolutionProperties) = preSolution
		HideSolutionNode = FALSE
	EndGlobalSection
	GlobalSection(ExtensibilityGlobals) = postSolution
		SolutionGuid = {F983E361-CCFB-43BA-8B75-D929335571D8}
	EndGlobalSection
EndGlobal
