
Microsoft Visual Studio Solution File, Format Version 12.00
# Visual Studio Version 16
VisualStudioVersion = 16.0.32413.511
MinimumVisualStudioVersion = 10.0.40219.1
Project("{FAE04EC0-301F-11D3-BF4B-00C04F79EFBC}") = "LoginTest", "ConsoleApp1\LoginTest.csproj", "{9B791AAC-E8B9-4C41-9857-014E60DA9268}"
EndProject
Project("{FAE04EC0-301F-11D3-BF4B-00C04F79EFBC}") = "SeleniumBase", "..\..\Library\SeleniumBase\SeleniumBase.csproj", "{C890034D-6D32-46CD-B32A-497518BFD9ED}"
EndProject
Global
	GlobalSection(SolutionConfigurationPlatforms) = preSolution
		Debug|Any CPU = Debug|Any CPU
		Release|Any CPU = Release|Any CPU
	EndGlobalSection
	GlobalSection(ProjectConfigurationPlatforms) = postSolution
		{9B791AAC-E8B9-4C41-9857-014E60DA9268}.Debug|Any CPU.ActiveCfg = Debug|Any CPU
		{9B791AAC-E8B9-4C41-9857-014E60DA9268}.Debug|Any CPU.Build.0 = Debug|Any CPU
		{9B791AAC-E8B9-4C41-9857-014E60DA9268}.Release|Any CPU.ActiveCfg = Release|Any CPU
		{9B791AAC-E8B9-4C41-9857-014E60DA9268}.Release|Any CPU.Build.0 = Release|Any CPU
		{C890034D-6D32-46CD-B32A-497518BFD9ED}.Debug|Any CPU.ActiveCfg = Debug|Any CPU
		{C890034D-6D32-46CD-B32A-497518BFD9ED}.Debug|Any CPU.Build.0 = Debug|Any CPU
		{C890034D-6D32-46CD-B32A-497518BFD9ED}.Release|Any CPU.ActiveCfg = Release|Any CPU
		{C890034D-6D32-46CD-B32A-497518BFD9ED}.Release|Any CPU.Build.0 = Release|Any CPU
	EndGlobalSection
	GlobalSection(SolutionProperties) = preSolution
		HideSolutionNode = FALSE
	EndGlobalSection
	GlobalSection(ExtensibilityGlobals) = postSolution
		SolutionGuid = {1DC393A3-F0DD-4083-8000-1BD2CC9A4F93}
	EndGlobalSection
EndGlobal
