
Microsoft Visual Studio Solution File, Format Version 12.00
# Visual Studio Version 17
VisualStudioVersion = 17.1.32407.343
MinimumVisualStudioVersion = 10.0.40219.1
Project("{FAE04EC0-301F-11D3-BF4B-00C04F79EFBC}") = "Fast.com", "Fast.com\Fast.com.csproj", "{67638320-DC04-46DC-856A-F9306E8D62BA}"
EndProject
Global
	GlobalSection(SolutionConfigurationPlatforms) = preSolution
		Debug|Any CPU = Debug|Any CPU
		Release|Any CPU = Release|Any CPU
	EndGlobalSection
	GlobalSection(ProjectConfigurationPlatforms) = postSolution
		{67638320-DC04-46DC-856A-F9306E8D62BA}.Debug|Any CPU.ActiveCfg = Debug|Any CPU
		{67638320-DC04-46DC-856A-F9306E8D62BA}.Debug|Any CPU.Build.0 = Debug|Any CPU
		{67638320-DC04-46DC-856A-F9306E8D62BA}.Release|Any CPU.ActiveCfg = Release|Any CPU
		{67638320-DC04-46DC-856A-F9306E8D62BA}.Release|Any CPU.Build.0 = Release|Any CPU
	EndGlobalSection
	GlobalSection(SolutionProperties) = preSolution
		HideSolutionNode = FALSE
	EndGlobalSection
	GlobalSection(ExtensibilityGlobals) = postSolution
		SolutionGuid = {7B183881-501B-4596-BADF-A4A01BD1CBB0}
	EndGlobalSection
EndGlobal
