
Microsoft Visual Studio Solution File, Format Version 12.00
# Visual Studio Version 16
VisualStudioVersion = 16.0.32510.428
MinimumVisualStudioVersion = 10.0.40219.1
Project("{FAE04EC0-301F-11D3-BF4B-00C04F79EFBC}") = "PageGenerator", "PageGenerator\PageGenerator.csproj", "{F427CD39-634D-46AA-9EAB-99BCB6396D80}"
EndProject
Global
	GlobalSection(SolutionConfigurationPlatforms) = preSolution
		Debug|Any CPU = Debug|Any CPU
		Release|Any CPU = Release|Any CPU
	EndGlobalSection
	GlobalSection(ProjectConfigurationPlatforms) = postSolution
		{F427CD39-634D-46AA-9EAB-99BCB6396D80}.Debug|Any CPU.ActiveCfg = Debug|Any CPU
		{F427CD39-634D-46AA-9EAB-99BCB6396D80}.Debug|Any CPU.Build.0 = Debug|Any CPU
		{F427CD39-634D-46AA-9EAB-99BCB6396D80}.Release|Any CPU.ActiveCfg = Release|Any CPU
		{F427CD39-634D-46AA-9EAB-99BCB6396D80}.Release|Any CPU.Build.0 = Release|Any CPU
	EndGlobalSection
	GlobalSection(SolutionProperties) = preSolution
		HideSolutionNode = FALSE
	EndGlobalSection
	GlobalSection(ExtensibilityGlobals) = postSolution
		SolutionGuid = {2929CBE4-F8E7-409F-9466-633D06677927}
	EndGlobalSection
EndGlobal
