
Microsoft Visual Studio Solution File, Format Version 12.00
# Visual Studio Version 17
VisualStudioVersion = 17.1.32407.343
MinimumVisualStudioVersion = 10.0.40219.1
Project("{FAE04EC0-301F-11D3-BF4B-00C04F79EFBC}") = "WAY2Automation", "WAY2Automation\WAY2Automation.csproj", "{5C8F6F95-92E7-45F1-8F96-8E21C92EF07B}"
EndProject
Global
	GlobalSection(SolutionConfigurationPlatforms) = preSolution
		Debug|Any CPU = Debug|Any CPU
		Release|Any CPU = Release|Any CPU
	EndGlobalSection
	GlobalSection(ProjectConfigurationPlatforms) = postSolution
		{5C8F6F95-92E7-45F1-8F96-8E21C92EF07B}.Debug|Any CPU.ActiveCfg = Debug|Any CPU
		{5C8F6F95-92E7-45F1-8F96-8E21C92EF07B}.Debug|Any CPU.Build.0 = Debug|Any CPU
		{5C8F6F95-92E7-45F1-8F96-8E21C92EF07B}.Release|Any CPU.ActiveCfg = Release|Any CPU
		{5C8F6F95-92E7-45F1-8F96-8E21C92EF07B}.Release|Any CPU.Build.0 = Release|Any CPU
	EndGlobalSection
	GlobalSection(SolutionProperties) = preSolution
		HideSolutionNode = FALSE
	EndGlobalSection
	GlobalSection(ExtensibilityGlobals) = postSolution
		SolutionGuid = {BC87BC9D-7F8B-4424-81C9-1AA616C7A2DE}
	EndGlobalSection
EndGlobal
